
Microsoft Visual Studio Solution File, Format Version 12.00
# Visual Studio 15
VisualStudioVersion = 15.0.28307.271
MinimumVisualStudioVersion = 10.0.40219.1
Project("{FAE04EC0-301F-11D3-BF4B-00C04F79EFBC}") = "entity-framework-core-database-first-tutorial", "entity-framework-core-database-first-tutorial\entity-framework-core-database-first-tutorial.csproj", "{D51DED07-92EA-44FB-9788-02F8425EE6D6}"
EndProject
Global
	GlobalSection(SolutionConfigurationPlatforms) = preSolution
		Debug|Any CPU = Debug|Any CPU
		Release|Any CPU = Release|Any CPU
	EndGlobalSection
	GlobalSection(ProjectConfigurationPlatforms) = postSolution
		{D51DED07-92EA-44FB-9788-02F8425EE6D6}.Debug|Any CPU.ActiveCfg = Debug|Any CPU
		{D51DED07-92EA-44FB-9788-02F8425EE6D6}.Debug|Any CPU.Build.0 = Debug|Any CPU
		{D51DED07-92EA-44FB-9788-02F8425EE6D6}.Release|Any CPU.ActiveCfg = Release|Any CPU
		{D51DED07-92EA-44FB-9788-02F8425EE6D6}.Release|Any CPU.Build.0 = Release|Any CPU
	EndGlobalSection
	GlobalSection(SolutionProperties) = preSolution
		HideSolutionNode = FALSE
	EndGlobalSection
	GlobalSection(ExtensibilityGlobals) = postSolution
		SolutionGuid = {56A49333-E196-48C8-B42A-74F7078D0272}
	EndGlobalSection
EndGlobal
